
Microsoft Visual Studio Solution File, Format Version 12.00
Project("{FAE04EC0-301F-11D3-BF4B-00C04F79EFBC}") = "SockStore", "SockStore.csproj", "{7017DCB9-6F11-4299-AD8E-8BADDA2C96A7}"
EndProject
Global
	GlobalSection(SolutionConfigurationPlatforms) = preSolution
		Debug|Any CPU = Debug|Any CPU
		Release|Any CPU = Release|Any CPU
	EndGlobalSection
	GlobalSection(ProjectConfigurationPlatforms) = postSolution
		{7017DCB9-6F11-4299-AD8E-8BADDA2C96A7}.Debug|Any CPU.ActiveCfg = Debug|Any CPU
		{7017DCB9-6F11-4299-AD8E-8BADDA2C96A7}.Debug|Any CPU.Build.0 = Debug|Any CPU
		{7017DCB9-6F11-4299-AD8E-8BADDA2C96A7}.Release|Any CPU.ActiveCfg = Release|Any CPU
		{7017DCB9-6F11-4299-AD8E-8BADDA2C96A7}.Release|Any CPU.Build.0 = Release|Any CPU
	EndGlobalSection
EndGlobal
